{
    "_readme": [
        "This file locks the dependencies of your project to a known state",
        "Read more about it at https://getcomposer.org/doc/01-basic-usage.md#installing-dependencies",
        "This file is @generated automatically"
    ],
    "content-hash": "1b43b443fecaaafa9efaad7cd9d2a2f1",
    "packages": [
        {
            "name": "contao-components/installer",
            "version": "1.4.1",
            "source": {
                "type": "git",
                "url": "https://github.com/contao-components/installer.git",
                "reference": "eb0c34f0f61a3338dd985a55bd865483e78c3bb7"
            },
            "dist": {
                "type": "zip",
                "url": "https://api.github.com/repos/contao-components/installer/zipball/eb0c34f0f61a3338dd985a55bd865483e78c3bb7",
                "reference": "eb0c34f0f61a3338dd985a55bd865483e78c3bb7",
                "shasum": ""
            },
            "require": {
                "composer-plugin-api": "^1.0 || ^2.0",
                "php": ">=5.6"
            },
            "require-dev": {
                "composer/composer": "^1.0 || ^2.0",
                "phpunit/phpunit": "^5.7.26"
            },
            "type": "composer-plugin",
            "extra": {
                "class": "Contao\\ComponentsInstaller\\Composer\\Plugin"
            },
            "autoload": {
                "psr-4": {
                    "Contao\\ComponentsInstaller\\": "src/"
                }
            },
            "notification-url": "https://packagist.org/downloads/",
            "license": [
                "LGPL-3.0-or-later"
            ],
            "authors": [
                {
                    "name": "Leo Feyer",
                    "homepage": "https://github.com/leofeyer"
                }
            ],
            "description": "Contao components installer",
            "support": {
                "issues": "https://github.com/contao-components/installer/issues",
                "source": "https://github.com/contao-components/installer/tree/1.4.1"
            },
            "time": "2020-12-23T10:51:52+00:00"
        }
    ],
    "packages-dev": [],
    "aliases": [],
    "minimum-stability": "stable",
    "stability-flags": [],
    "prefer-stable": false,
    "prefer-lowest": false,
    "platform": [],
    "platform-dev": [],
    "plugin-api-version": "2.0.0"
}
